// !$*UTF8*$!
{
	archiveVersion = 1;
	classes = {
	};
	objectVersion = 56;
	objects = {

/* Begin PBXBuildFile section */
		02EAB37E2B014F99009AB94F /* userData.swift in Sources */ = {isa = PBXBuildFile; fileRef = 02EAB37D2B014F99009AB94F /* userData.swift */; };
		5A5CEE1C2B0143DA0084C263 /* CreateEvent.swift in Sources */ = {isa = PBXBuildFile; fileRef = 5A5CEE1B2B0143DA0084C263 /* CreateEvent.swift */; };
		5A5CEE1E2B014A800084C263 /* Notifications.swift in Sources */ = {isa = PBXBuildFile; fileRef = 5A5CEE1D2B014A800084C263 /* Notifications.swift */; };
		5A9D305E2AE5832000C1D161 /* SignUp.swift in Sources */ = {isa = PBXBuildFile; fileRef = 5A9D305D2AE5832000C1D161 /* SignUp.swift */; };
		5A9D30602AE58ABE00C1D161 /* AccountSettings.swift in Sources */ = {isa = PBXBuildFile; fileRef = 5A9D305F2AE58ABE00C1D161 /* AccountSettings.swift */; };
		715E4F272ADC525000A2F4A3 /* frenApp.swift in Sources */ = {isa = PBXBuildFile; fileRef = 715E4F262ADC525000A2F4A3 /* frenApp.swift */; };
		715E4F292ADC525000A2F4A3 /* ContentView.swift in Sources */ = {isa = PBXBuildFile; fileRef = 715E4F282ADC525000A2F4A3 /* ContentView.swift */; };
		715E4F2B2ADC525400A2F4A3 /* Assets.xcassets in Resources */ = {isa = PBXBuildFile; fileRef = 715E4F2A2ADC525400A2F4A3 /* Assets.xcassets */; };
		715E4F2E2ADC525400A2F4A3 /* Preview Assets.xcassets in Resources */ = {isa = PBXBuildFile; fileRef = 715E4F2D2ADC525400A2F4A3 /* Preview Assets.xcassets */; };
		715E4F382ADC525500A2F4A3 /* frenTests.swift in Sources */ = {isa = PBXBuildFile; fileRef = 715E4F372ADC525500A2F4A3 /* frenTests.swift */; };
		715E4F422ADC525500A2F4A3 /* frenUITests.swift in Sources */ = {isa = PBXBuildFile; fileRef = 715E4F412ADC525500A2F4A3 /* frenUITests.swift */; };
		715E4F442ADC525500A2F4A3 /* frenUITestsLaunchTests.swift in Sources */ = {isa = PBXBuildFile; fileRef = 715E4F432ADC525500A2F4A3 /* frenUITestsLaunchTests.swift */; };
		716B43582AEED0F400758DD2 /* Supabase in Frameworks */ = {isa = PBXBuildFile; productRef = 716B43572AEED0F400758DD2 /* Supabase */; };
		71B455E92AF8118D0031F541 /* Auth.swift in Sources */ = {isa = PBXBuildFile; fileRef = 71B455E82AF8118D0031F541 /* Auth.swift */; };
		793E72C52ADC5A7B000B2C5A /* SignIn.swift in Sources */ = {isa = PBXBuildFile; fileRef = 793E72C42ADC5A7B000B2C5A /* SignIn.swift */; };
		793E72C72ADC5DDF000B2C5A /* Home.swift in Sources */ = {isa = PBXBuildFile; fileRef = 793E72C62ADC5DDF000B2C5A /* Home.swift */; };
/* End PBXBuildFile section */

/* Begin PBXContainerItemProxy section */
		715E4F342ADC525500A2F4A3 /* PBXContainerItemProxy */ = {
			isa = PBXContainerItemProxy;
			containerPortal = 715E4F1B2ADC524F00A2F4A3 /* Project object */;
			proxyType = 1;
			remoteGlobalIDString = 715E4F222ADC524F00A2F4A3;
			remoteInfo = fren;
		};
		715E4F3E2ADC525500A2F4A3 /* PBXContainerItemProxy */ = {
			isa = PBXContainerItemProxy;
			containerPortal = 715E4F1B2ADC524F00A2F4A3 /* Project object */;
			proxyType = 1;
			remoteGlobalIDString = 715E4F222ADC524F00A2F4A3;
			remoteInfo = fren;
		};
/* End PBXContainerItemProxy section */

/* Begin PBXFileReference section */
		02EAB37D2B014F99009AB94F /* userData.swift */ = {isa = PBXFileReference; lastKnownFileType = sourcecode.swift; path = userData.swift; sourceTree = "<group>"; };
		5A5CEE1B2B0143DA0084C263 /* CreateEvent.swift */ = {isa = PBXFileReference; lastKnownFileType = sourcecode.swift; path = CreateEvent.swift; sourceTree = "<group>"; tabWidth = 3; };
		5A5CEE1D2B014A800084C263 /* Notifications.swift */ = {isa = PBXFileReference; lastKnownFileType = sourcecode.swift; path = Notifications.swift; sourceTree = "<group>"; };
		5A9D305D2AE5832000C1D161 /* SignUp.swift */ = {isa = PBXFileReference; lastKnownFileType = sourcecode.swift; path = SignUp.swift; sourceTree = "<group>"; };
		5A9D305F2AE58ABE00C1D161 /* AccountSettings.swift */ = {isa = PBXFileReference; lastKnownFileType = sourcecode.swift; path = AccountSettings.swift; sourceTree = "<group>"; };
		715E4F232ADC525000A2F4A3 /* fren.app */ = {isa = PBXFileReference; explicitFileType = wrapper.application; includeInIndex = 0; path = fren.app; sourceTree = BUILT_PRODUCTS_DIR; };
		715E4F262ADC525000A2F4A3 /* frenApp.swift */ = {isa = PBXFileReference; lastKnownFileType = sourcecode.swift; path = frenApp.swift; sourceTree = "<group>"; };
		715E4F282ADC525000A2F4A3 /* ContentView.swift */ = {isa = PBXFileReference; lastKnownFileType = sourcecode.swift; path = ContentView.swift; sourceTree = "<group>"; };
		715E4F2A2ADC525400A2F4A3 /* Assets.xcassets */ = {isa = PBXFileReference; lastKnownFileType = folder.assetcatalog; path = Assets.xcassets; sourceTree = "<group>"; };
		715E4F2D2ADC525400A2F4A3 /* Preview Assets.xcassets */ = {isa = PBXFileReference; lastKnownFileType = folder.assetcatalog; path = "Preview Assets.xcassets"; sourceTree = "<group>"; };
		715E4F332ADC525500A2F4A3 /* frenTests.xctest */ = {isa = PBXFileReference; explicitFileType = wrapper.cfbundle; includeInIndex = 0; path = frenTests.xctest; sourceTree = BUILT_PRODUCTS_DIR; };
		715E4F372ADC525500A2F4A3 /* frenTests.swift */ = {isa = PBXFileReference; lastKnownFileType = sourcecode.swift; path = frenTests.swift; sourceTree = "<group>"; };
		715E4F3D2ADC525500A2F4A3 /* frenUITests.xctest */ = {isa = PBXFileReference; explicitFileType = wrapper.cfbundle; includeInIndex = 0; path = frenUITests.xctest; sourceTree = BUILT_PRODUCTS_DIR; };
		715E4F412ADC525500A2F4A3 /* frenUITests.swift */ = {isa = PBXFileReference; lastKnownFileType = sourcecode.swift; path = frenUITests.swift; sourceTree = "<group>"; };
		715E4F432ADC525500A2F4A3 /* frenUITestsLaunchTests.swift */ = {isa = PBXFileReference; lastKnownFileType = sourcecode.swift; path = frenUITestsLaunchTests.swift; sourceTree = "<group>"; };
		71B455E82AF8118D0031F541 /* Auth.swift */ = {isa = PBXFileReference; lastKnownFileType = sourcecode.swift; path = Auth.swift; sourceTree = "<group>"; };
		793E72C42ADC5A7B000B2C5A /* SignIn.swift */ = {isa = PBXFileReference; lastKnownFileType = sourcecode.swift; path = SignIn.swift; sourceTree = "<group>"; };
		793E72C62ADC5DDF000B2C5A /* Home.swift */ = {isa = PBXFileReference; lastKnownFileType = sourcecode.swift; path = Home.swift; sourceTree = "<group>"; };
/* End PBXFileReference section */

/* Begin PBXFrameworksBuildPhase section */
		715E4F202ADC524F00A2F4A3 /* Frameworks */ = {
			isa = PBXFrameworksBuildPhase;
			buildActionMask = 2147483647;
			files = (
				716B43582AEED0F400758DD2 /* Supabase in Frameworks */,
			);
			runOnlyForDeploymentPostprocessing = 0;
		};
		715E4F302ADC525500A2F4A3 /* Frameworks */ = {
			isa = PBXFrameworksBuildPhase;
			buildActionMask = 2147483647;
			files = (
			);
			runOnlyForDeploymentPostprocessing = 0;
		};
		715E4F3A2ADC525500A2F4A3 /* Frameworks */ = {
			isa = PBXFrameworksBuildPhase;
			buildActionMask = 2147483647;
			files = (
			);
			runOnlyForDeploymentPostprocessing = 0;
		};
/* End PBXFrameworksBuildPhase section */

/* Begin PBXGroup section */
		715E4F1A2ADC524F00A2F4A3 = {
			isa = PBXGroup;
			children = (
				715E4F252ADC525000A2F4A3 /* fren */,
				715E4F362ADC525500A2F4A3 /* frenTests */,
				715E4F402ADC525500A2F4A3 /* frenUITests */,
				715E4F242ADC525000A2F4A3 /* Products */,
			);
			sourceTree = "<group>";
		};
		715E4F242ADC525000A2F4A3 /* Products */ = {
			isa = PBXGroup;
			children = (
				715E4F232ADC525000A2F4A3 /* fren.app */,
				715E4F332ADC525500A2F4A3 /* frenTests.xctest */,
				715E4F3D2ADC525500A2F4A3 /* frenUITests.xctest */,
			);
			name = Products;
			sourceTree = "<group>";
		};
		715E4F252ADC525000A2F4A3 /* fren */ = {
			isa = PBXGroup;
			children = (
				715E4F262ADC525000A2F4A3 /* frenApp.swift */,
				715E4F282ADC525000A2F4A3 /* ContentView.swift */,
				5A5CEE1B2B0143DA0084C263 /* CreateEvent.swift */,
				793E72C42ADC5A7B000B2C5A /* SignIn.swift */,
				5A9D305D2AE5832000C1D161 /* SignUp.swift */,
				02EAB37D2B014F99009AB94F /* userData.swift */,
				5A9D305F2AE58ABE00C1D161 /* AccountSettings.swift */,
				5A5CEE1D2B014A800084C263 /* Notifications.swift */,
				793E72C62ADC5DDF000B2C5A /* Home.swift */,
				715E4F2A2ADC525400A2F4A3 /* Assets.xcassets */,
				715E4F2C2ADC525400A2F4A3 /* Preview Content */,
				71B455E82AF8118D0031F541 /* Auth.swift */,
			);
			path = fren;
			sourceTree = "<group>";
		};
		715E4F2C2ADC525400A2F4A3 /* Preview Content */ = {
			isa = PBXGroup;
			children = (
				715E4F2D2ADC525400A2F4A3 /* Preview Assets.xcassets */,
			);
			path = "Preview Content";
			sourceTree = "<group>";
		};
		715E4F362ADC525500A2F4A3 /* frenTests */ = {
			isa = PBXGroup;
			children = (
				715E4F372ADC525500A2F4A3 /* frenTests.swift */,
			);
			path = frenTests;
			sourceTree = "<group>";
		};
		715E4F402ADC525500A2F4A3 /* frenUITests */ = {
			isa = PBXGroup;
			children = (
				715E4F412ADC525500A2F4A3 /* frenUITests.swift */,
				715E4F432ADC525500A2F4A3 /* frenUITestsLaunchTests.swift */,
			);
			path = frenUITests;
			sourceTree = "<group>";
		};
/* End PBXGroup section */

/* Begin PBXNativeTarget section */
		715E4F222ADC524F00A2F4A3 /* fren */ = {
			isa = PBXNativeTarget;
			buildConfigurationList = 715E4F472ADC525500A2F4A3 /* Build configuration list for PBXNativeTarget "fren" */;
			buildPhases = (
				715E4F1F2ADC524F00A2F4A3 /* Sources */,
				715E4F202ADC524F00A2F4A3 /* Frameworks */,
				715E4F212ADC524F00A2F4A3 /* Resources */,
			);
			buildRules = (
			);
			dependencies = (
			);
			name = fren;
			packageProductDependencies = (
				716B43572AEED0F400758DD2 /* Supabase */,
			);
			productName = fren;
			productReference = 715E4F232ADC525000A2F4A3 /* fren.app */;
			productType = "com.apple.product-type.application";
		};
		715E4F322ADC525500A2F4A3 /* frenTests */ = {
			isa = PBXNativeTarget;
			buildConfigurationList = 715E4F4A2ADC525500A2F4A3 /* Build configuration list for PBXNativeTarget "frenTests" */;
			buildPhases = (
				715E4F2F2ADC525500A2F4A3 /* Sources */,
				715E4F302ADC525500A2F4A3 /* Frameworks */,
				715E4F312ADC525500A2F4A3 /* Resources */,
			);
			buildRules = (
			);
			dependencies = (
				715E4F352ADC525500A2F4A3 /* PBXTargetDependency */,
			);
			name = frenTests;
			productName = frenTests;
			productReference = 715E4F332ADC525500A2F4A3 /* frenTests.xctest */;
			productType = "com.apple.product-type.bundle.unit-test";
		};
		715E4F3C2ADC525500A2F4A3 /* frenUITests */ = {
			isa = PBXNativeTarget;
			buildConfigurationList = 715E4F4D2ADC525500A2F4A3 /* Build configuration list for PBXNativeTarget "frenUITests" */;
			buildPhases = (
				715E4F392ADC525500A2F4A3 /* Sources */,
				715E4F3A2ADC525500A2F4A3 /* Frameworks */,
				715E4F3B2ADC525500A2F4A3 /* Resources */,
			);
			buildRules = (
			);
			dependencies = (
				715E4F3F2ADC525500A2F4A3 /* PBXTargetDependency */,
			);
			name = frenUITests;
			productName = frenUITests;
			productReference = 715E4F3D2ADC525500A2F4A3 /* frenUITests.xctest */;
			productType = "com.apple.product-type.bundle.ui-testing";
		};
/* End PBXNativeTarget section */

/* Begin PBXProject section */
		715E4F1B2ADC524F00A2F4A3 /* Project object */ = {
			isa = PBXProject;
			attributes = {
				BuildIndependentTargetsInParallel = 1;
				LastSwiftUpdateCheck = 1500;
				LastUpgradeCheck = 1500;
				TargetAttributes = {
					715E4F222ADC524F00A2F4A3 = {
						CreatedOnToolsVersion = 15.0;
					};
					715E4F322ADC525500A2F4A3 = {
						CreatedOnToolsVersion = 15.0;
						TestTargetID = 715E4F222ADC524F00A2F4A3;
					};
					715E4F3C2ADC525500A2F4A3 = {
						CreatedOnToolsVersion = 15.0;
						TestTargetID = 715E4F222ADC524F00A2F4A3;
					};
				};
			};
			buildConfigurationList = 715E4F1E2ADC524F00A2F4A3 /* Build configuration list for PBXProject "fren" */;
			compatibilityVersion = "Xcode 14.0";
			developmentRegion = en;
			hasScannedForEncodings = 0;
			knownRegions = (
				en,
				Base,
			);
			mainGroup = 715E4F1A2ADC524F00A2F4A3;
			packageReferences = (
				716B43562AEED0F300758DD2 /* XCRemoteSwiftPackageReference "supabase-swift" */,
			);
			productRefGroup = 715E4F242ADC525000A2F4A3 /* Products */;
			projectDirPath = "";
			projectRoot = "";
			targets = (
				715E4F222ADC524F00A2F4A3 /* fren */,
				715E4F322ADC525500A2F4A3 /* frenTests */,
				715E4F3C2ADC525500A2F4A3 /* frenUITests */,
			);
		};
/* End PBXProject section */

/* Begin PBXResourcesBuildPhase section */
		715E4F212ADC524F00A2F4A3 /* Resources */ = {
			isa = PBXResourcesBuildPhase;
			buildActionMask = 2147483647;
			files = (
				715E4F2E2ADC525400A2F4A3 /* Preview Assets.xcassets in Resources */,
				715E4F2B2ADC525400A2F4A3 /* Assets.xcassets in Resources */,
			);
			runOnlyForDeploymentPostprocessing = 0;
		};
		715E4F312ADC525500A2F4A3 /* Resources */ = {
			isa = PBXResourcesBuildPhase;
			buildActionMask = 2147483647;
			files = (
			);
			runOnlyForDeploymentPostprocessing = 0;
		};
		715E4F3B2ADC525500A2F4A3 /* Resources */ = {
			isa = PBXResourcesBuildPhase;
			buildActionMask = 2147483647;
			files = (
			);
			runOnlyForDeploymentPostprocessing = 0;
		};
/* End PBXResourcesBuildPhase section */

/* Begin PBXSourcesBuildPhase section */
		715E4F1F2ADC524F00A2F4A3 /* Sources */ = {
			isa = PBXSourcesBuildPhase;
			buildActionMask = 2147483647;
			files = (
				715E4F292ADC525000A2F4A3 /* ContentView.swift in Sources */,
				793E72C52ADC5A7B000B2C5A /* SignIn.swift in Sources */,
				5A5CEE1C2B0143DA0084C263 /* CreateEvent.swift in Sources */,
				5A5CEE1E2B014A800084C263 /* Notifications.swift in Sources */,
				5A9D30602AE58ABE00C1D161 /* AccountSettings.swift in Sources */,
				793E72C72ADC5DDF000B2C5A /* Home.swift in Sources */,
				715E4F272ADC525000A2F4A3 /* frenApp.swift in Sources */,
				5A9D305E2AE5832000C1D161 /* SignUp.swift in Sources */,
				02EAB37E2B014F99009AB94F /* userData.swift in Sources */,
				71B455E92AF8118D0031F541 /* Auth.swift in Sources */,
			);
			runOnlyForDeploymentPostprocessing = 0;
		};
		715E4F2F2ADC525500A2F4A3 /* Sources */ = {
			isa = PBXSourcesBuildPhase;
			buildActionMask = 2147483647;
			files = (
				715E4F382ADC525500A2F4A3 /* frenTests.swift in Sources */,
			);
			runOnlyForDeploymentPostprocessing = 0;
		};
		715E4F392ADC525500A2F4A3 /* Sources */ = {
			isa = PBXSourcesBuildPhase;
			buildActionMask = 2147483647;
			files = (
				715E4F422ADC525500A2F4A3 /* frenUITests.swift in Sources */,
				715E4F442ADC525500A2F4A3 /* frenUITestsLaunchTests.swift in Sources */,
			);
			runOnlyForDeploymentPostprocessing = 0;
		};
/* End PBXSourcesBuildPhase section */

/* Begin PBXTargetDependency section */
		715E4F352ADC525500A2F4A3 /* PBXTargetDependency */ = {
			isa = PBXTargetDependency;
			target = 715E4F222ADC524F00A2F4A3 /* fren */;
			targetProxy = 715E4F342ADC525500A2F4A3 /* PBXContainerItemProxy */;
		};
		715E4F3F2ADC525500A2F4A3 /* PBXTargetDependency */ = {
			isa = PBXTargetDependency;
			target = 715E4F222ADC524F00A2F4A3 /* fren */;
			targetProxy = 715E4F3E2ADC525500A2F4A3 /* PBXContainerItemProxy */;
		};
/* End PBXTargetDependency section */

/* Begin XCBuildConfiguration section */
		715E4F452ADC525500A2F4A3 /* Debug */ = {
			isa = XCBuildConfiguration;
			buildSettings = {
				ALWAYS_SEARCH_USER_PATHS = NO;
				ASSETCATALOG_COMPILER_GENERATE_SWIFT_ASSET_SYMBOL_EXTENSIONS = YES;
				CLANG_ANALYZER_NONNULL = YES;
				CLANG_ANALYZER_NUMBER_OBJECT_CONVERSION = YES_AGGRESSIVE;
				CLANG_CXX_LANGUAGE_STANDARD = "gnu++20";
				CLANG_ENABLE_MODULES = YES;
				CLANG_ENABLE_OBJC_ARC = YES;
				CLANG_ENABLE_OBJC_WEAK = YES;
				CLANG_WARN_BLOCK_CAPTURE_AUTORELEASING = YES;
				CLANG_WARN_BOOL_CONVERSION = YES;
				CLANG_WARN_COMMA = YES;
				CLANG_WARN_CONSTANT_CONVERSION = YES;
				CLANG_WARN_DEPRECATED_OBJC_IMPLEMENTATIONS = YES;
				CLANG_WARN_DIRECT_OBJC_ISA_USAGE = YES_ERROR;
				CLANG_WARN_DOCUMENTATION_COMMENTS = YES;
				CLANG_WARN_EMPTY_BODY = YES;
				CLANG_WARN_ENUM_CONVERSION = YES;
				CLANG_WARN_INFINITE_RECURSION = YES;
				CLANG_WARN_INT_CONVERSION = YES;
				CLANG_WARN_NON_LITERAL_NULL_CONVERSION = YES;
				CLANG_WARN_OBJC_IMPLICIT_RETAIN_SELF = YES;
				CLANG_WARN_OBJC_LITERAL_CONVERSION = YES;
				CLANG_WARN_OBJC_ROOT_CLASS = YES_ERROR;
				CLANG_WARN_QUOTED_INCLUDE_IN_FRAMEWORK_HEADER = YES;
				CLANG_WARN_RANGE_LOOP_ANALYSIS = YES;
				CLANG_WARN_STRICT_PROTOTYPES = YES;
				CLANG_WARN_SUSPICIOUS_MOVE = YES;
				CLANG_WARN_UNGUARDED_AVAILABILITY = YES_AGGRESSIVE;
				CLANG_WARN_UNREACHABLE_CODE = YES;
				CLANG_WARN__DUPLICATE_METHOD_MATCH = YES;
				COPY_PHASE_STRIP = NO;
				DEBUG_INFORMATION_FORMAT = dwarf;
				ENABLE_STRICT_OBJC_MSGSEND = YES;
				ENABLE_TESTABILITY = YES;
				ENABLE_USER_SCRIPT_SANDBOXING = YES;
				GCC_C_LANGUAGE_STANDARD = gnu17;
				GCC_DYNAMIC_NO_PIC = NO;
				GCC_NO_COMMON_BLOCKS = YES;
				GCC_OPTIMIZATION_LEVEL = 0;
				GCC_PREPROCESSOR_DEFINITIONS = (
					"DEBUG=1",
					"$(inherited)",
				);
				GCC_WARN_64_TO_32_BIT_CONVERSION = YES;
				GCC_WARN_ABOUT_RETURN_TYPE = YES_ERROR;
				GCC_WARN_UNDECLARED_SELECTOR = YES;
				GCC_WARN_UNINITIALIZED_AUTOS = YES_AGGRESSIVE;
				GCC_WARN_UNUSED_FUNCTION = YES;
				GCC_WARN_UNUSED_VARIABLE = YES;
				IPHONEOS_DEPLOYMENT_TARGET = 17.0;
				LOCALIZATION_PREFERS_STRING_CATALOGS = YES;
				MTL_ENABLE_DEBUG_INFO = INCLUDE_SOURCE;
				MTL_FAST_MATH = YES;
				ONLY_ACTIVE_ARCH = YES;
				SDKROOT = iphoneos;
				SWIFT_ACTIVE_COMPILATION_CONDITIONS = "DEBUG $(inherited)";
				SWIFT_OPTIMIZATION_LEVEL = "-Onone";
			};
			name = Debug;
		};
		715E4F462ADC525500A2F4A3 /* Release */ = {
			isa = XCBuildConfiguration;
			buildSettings = {
				ALWAYS_SEARCH_USER_PATHS = NO;
				ASSETCATALOG_COMPILER_GENERATE_SWIFT_ASSET_SYMBOL_EXTENSIONS = YES;
				CLANG_ANALYZER_NONNULL = YES;
				CLANG_ANALYZER_NUMBER_OBJECT_CONVERSION = YES_AGGRESSIVE;
				CLANG_CXX_LANGUAGE_STANDARD = "gnu++20";
				CLANG_ENABLE_MODULES = YES;
				CLANG_ENABLE_OBJC_ARC = YES;
				CLANG_ENABLE_OBJC_WEAK = YES;
				CLANG_WARN_BLOCK_CAPTURE_AUTORELEASING = YES;
				CLANG_WARN_BOOL_CONVERSION = YES;
				CLANG_WARN_COMMA = YES;
				CLANG_WARN_CONSTANT_CONVERSION = YES;
				CLANG_WARN_DEPRECATED_OBJC_IMPLEMENTATIONS = YES;
				CLANG_WARN_DIRECT_OBJC_ISA_USAGE = YES_ERROR;
				CLANG_WARN_DOCUMENTATION_COMMENTS = YES;
				CLANG_WARN_EMPTY_BODY = YES;
				CLANG_WARN_ENUM_CONVERSION = YES;
				CLANG_WARN_INFINITE_RECURSION = YES;
				CLANG_WARN_INT_CONVERSION = YES;
				CLANG_WARN_NON_LITERAL_NULL_CONVERSION = YES;
				CLANG_WARN_OBJC_IMPLICIT_RETAIN_SELF = YES;
				CLANG_WARN_OBJC_LITERAL_CONVERSION = YES;
				CLANG_WARN_OBJC_ROOT_CLASS = YES_ERROR;
				CLANG_WARN_QUOTED_INCLUDE_IN_FRAMEWORK_HEADER = YES;
				CLANG_WARN_RANGE_LOOP_ANALYSIS = YES;
				CLANG_WARN_STRICT_PROTOTYPES = YES;
				CLANG_WARN_SUSPICIOUS_MOVE = YES;
				CLANG_WARN_UNGUARDED_AVAILABILITY = YES_AGGRESSIVE;
				CLANG_WARN_UNREACHABLE_CODE = YES;
				CLANG_WARN__DUPLICATE_METHOD_MATCH = YES;
				COPY_PHASE_STRIP = NO;
				DEBUG_INFORMATION_FORMAT = "dwarf-with-dsym";
				ENABLE_NS_ASSERTIONS = NO;
				ENABLE_STRICT_OBJC_MSGSEND = YES;
				ENABLE_USER_SCRIPT_SANDBOXING = YES;
				GCC_C_LANGUAGE_STANDARD = gnu17;
				GCC_NO_COMMON_BLOCKS = YES;
				GCC_WARN_64_TO_32_BIT_CONVERSION = YES;
				GCC_WARN_ABOUT_RETURN_TYPE = YES_ERROR;
				GCC_WARN_UNDECLARED_SELECTOR = YES;
				GCC_WARN_UNINITIALIZED_AUTOS = YES_AGGRESSIVE;
				GCC_WARN_UNUSED_FUNCTION = YES;
				GCC_WARN_UNUSED_VARIABLE = YES;
				IPHONEOS_DEPLOYMENT_TARGET = 17.0;
				LOCALIZATION_PREFERS_STRING_CATALOGS = YES;
				MTL_ENABLE_DEBUG_INFO = NO;
				MTL_FAST_MATH = YES;
				SDKROOT = iphoneos;
				SWIFT_COMPILATION_MODE = wholemodule;
				VALIDATE_PRODUCT = YES;
			};
			name = Release;
		};
		715E4F482ADC525500A2F4A3 /* Debug */ = {
			isa = XCBuildConfiguration;
			buildSettings = {
				ASSETCATALOG_COMPILER_APPICON_NAME = AppIcon;
				ASSETCATALOG_COMPILER_GLOBAL_ACCENT_COLOR_NAME = AccentColor;
				CODE_SIGN_STYLE = Automatic;
				CURRENT_PROJECT_VERSION = 1;
				DEVELOPMENT_ASSET_PATHS = "\"fren/Preview Content\"";
				DEVELOPMENT_TEAM = "";
				ENABLE_PREVIEWS = YES;
				GENERATE_INFOPLIST_FILE = YES;
				INFOPLIST_KEY_UIApplicationSceneManifest_Generation = YES;
				INFOPLIST_KEY_UIApplicationSupportsIndirectInputEvents = YES;
				INFOPLIST_KEY_UILaunchScreen_Generation = YES;
				INFOPLIST_KEY_UISupportedInterfaceOrientations_iPad = "UIInterfaceOrientationPortrait UIInterfaceOrientationPortraitUpsideDown UIInterfaceOrientationLandscapeLeft UIInterfaceOrientationLandscapeRight";
				INFOPLIST_KEY_UISupportedInterfaceOrientations_iPhone = "UIInterfaceOrientationPortrait UIInterfaceOrientationLandscapeLeft UIInterfaceOrientationLandscapeRight";
				LD_RUNPATH_SEARCH_PATHS = (
					"$(inherited)",
					"@executable_path/Frameworks",
				);
				MARKETING_VERSION = 1.0;
				PRODUCT_BUNDLE_IDENTIFIER = oasis.fren;
				PRODUCT_NAME = "$(TARGET_NAME)";
				SWIFT_EMIT_LOC_STRINGS = YES;
				SWIFT_VERSION = 5.0;
				TARGETED_DEVICE_FAMILY = "1,2";
			};
			name = Debug;
		};
		715E4F492ADC525500A2F4A3 /* Release */ = {
			isa = XCBuildConfiguration;
			buildSettings = {
				ASSETCATALOG_COMPILER_APPICON_NAME = AppIcon;
				ASSETCATALOG_COMPILER_GLOBAL_ACCENT_COLOR_NAME = AccentColor;
				CODE_SIGN_STYLE = Automatic;
				CURRENT_PROJECT_VERSION = 1;
				DEVELOPMENT_ASSET_PATHS = "\"fren/Preview Content\"";
				DEVELOPMENT_TEAM = "";
				ENABLE_PREVIEWS = YES;
				GENERATE_INFOPLIST_FILE = YES;
				INFOPLIST_KEY_UIApplicationSceneManifest_Generation = YES;
				INFOPLIST_KEY_UIApplicationSupportsIndirectInputEvents = YES;
				INFOPLIST_KEY_UILaunchScreen_Generation = YES;
				INFOPLIST_KEY_UISupportedInterfaceOrientations_iPad = "UIInterfaceOrientationPortrait UIInterfaceOrientationPortraitUpsideDown UIInterfaceOrientationLandscapeLeft UIInterfaceOrientationLandscapeRight";
				INFOPLIST_KEY_UISupportedInterfaceOrientations_iPhone = "UIInterfaceOrientationPortrait UIInterfaceOrientationLandscapeLeft UIInterfaceOrientationLandscapeRight";
				LD_RUNPATH_SEARCH_PATHS = (
					"$(inherited)",
					"@executable_path/Frameworks",
				);
				MARKETING_VERSION = 1.0;
				PRODUCT_BUNDLE_IDENTIFIER = oasis.fren;
				PRODUCT_NAME = "$(TARGET_NAME)";
				SWIFT_EMIT_LOC_STRINGS = YES;
				SWIFT_VERSION = 5.0;
				TARGETED_DEVICE_FAMILY = "1,2";
			};
			name = Release;
		};
		715E4F4B2ADC525500A2F4A3 /* Debug */ = {
			isa = XCBuildConfiguration;
			buildSettings = {
				ALWAYS_EMBED_SWIFT_STANDARD_LIBRARIES = YES;
				BUNDLE_LOADER = "$(TEST_HOST)";
				CODE_SIGN_STYLE = Automatic;
				CURRENT_PROJECT_VERSION = 1;
				GENERATE_INFOPLIST_FILE = YES;
				IPHONEOS_DEPLOYMENT_TARGET = 17.0;
				MARKETING_VERSION = 1.0;
				PRODUCT_BUNDLE_IDENTIFIER = oasis.frenTests;
				PRODUCT_NAME = "$(TARGET_NAME)";
				SWIFT_EMIT_LOC_STRINGS = NO;
				SWIFT_VERSION = 5.0;
				TARGETED_DEVICE_FAMILY = "1,2";
				TEST_HOST = "$(BUILT_PRODUCTS_DIR)/fren.app/$(BUNDLE_EXECUTABLE_FOLDER_PATH)/fren";
			};
			name = Debug;
		};
		715E4F4C2ADC525500A2F4A3 /* Release */ = {
			isa = XCBuildConfiguration;
			buildSettings = {
				ALWAYS_EMBED_SWIFT_STANDARD_LIBRARIES = YES;
				BUNDLE_LOADER = "$(TEST_HOST)";
				CODE_SIGN_STYLE = Automatic;
				CURRENT_PROJECT_VERSION = 1;
				GENERATE_INFOPLIST_FILE = YES;
				IPHONEOS_DEPLOYMENT_TARGET = 17.0;
				MARKETING_VERSION = 1.0;
				PRODUCT_BUNDLE_IDENTIFIER = oasis.frenTests;
				PRODUCT_NAME = "$(TARGET_NAME)";
				SWIFT_EMIT_LOC_STRINGS = NO;
				SWIFT_VERSION = 5.0;
				TARGETED_DEVICE_FAMILY = "1,2";
				TEST_HOST = "$(BUILT_PRODUCTS_DIR)/fren.app/$(BUNDLE_EXECUTABLE_FOLDER_PATH)/fren";
			};
			name = Release;
		};
		715E4F4E2ADC525500A2F4A3 /* Debug */ = {
			isa = XCBuildConfiguration;
			buildSettings = {
				ALWAYS_EMBED_SWIFT_STANDARD_LIBRARIES = YES;
				CODE_SIGN_STYLE = Automatic;
				CURRENT_PROJECT_VERSION = 1;
				GENERATE_INFOPLIST_FILE = YES;
				MARKETING_VERSION = 1.0;
				PRODUCT_BUNDLE_IDENTIFIER = oasis.frenUITests;
				PRODUCT_NAME = "$(TARGET_NAME)";
				SWIFT_EMIT_LOC_STRINGS = NO;
				SWIFT_VERSION = 5.0;
				TARGETED_DEVICE_FAMILY = "1,2";
				TEST_TARGET_NAME = fren;
			};
			name = Debug;
		};
		715E4F4F2ADC525500A2F4A3 /* Release */ = {
			isa = XCBuildConfiguration;
			buildSettings = {
				ALWAYS_EMBED_SWIFT_STANDARD_LIBRARIES = YES;
				CODE_SIGN_STYLE = Automatic;
				CURRENT_PROJECT_VERSION = 1;
				GENERATE_INFOPLIST_FILE = YES;
				MARKETING_VERSION = 1.0;
				PRODUCT_BUNDLE_IDENTIFIER = oasis.frenUITests;
				PRODUCT_NAME = "$(TARGET_NAME)";
				SWIFT_EMIT_LOC_STRINGS = NO;
				SWIFT_VERSION = 5.0;
				TARGETED_DEVICE_FAMILY = "1,2";
				TEST_TARGET_NAME = fren;
			};
			name = Release;
		};
/* End XCBuildConfiguration section */

/* Begin XCConfigurationList section */
		715E4F1E2ADC524F00A2F4A3 /* Build configuration list for PBXProject "fren" */ = {
			isa = XCConfigurationList;
			buildConfigurations = (
				715E4F452ADC525500A2F4A3 /* Debug */,
				715E4F462ADC525500A2F4A3 /* Release */,
			);
			defaultConfigurationIsVisible = 0;
			defaultConfigurationName = Release;
		};
		715E4F472ADC525500A2F4A3 /* Build configuration list for PBXNativeTarget "fren" */ = {
			isa = XCConfigurationList;
			buildConfigurations = (
				715E4F482ADC525500A2F4A3 /* Debug */,
				715E4F492ADC525500A2F4A3 /* Release */,
			);
			defaultConfigurationIsVisible = 0;
			defaultConfigurationName = Release;
		};
		715E4F4A2ADC525500A2F4A3 /* Build configuration list for PBXNativeTarget "frenTests" */ = {
			isa = XCConfigurationList;
			buildConfigurations = (
				715E4F4B2ADC525500A2F4A3 /* Debug */,
				715E4F4C2ADC525500A2F4A3 /* Release */,
			);
			defaultConfigurationIsVisible = 0;
			defaultConfigurationName = Release;
		};
		715E4F4D2ADC525500A2F4A3 /* Build configuration list for PBXNativeTarget "frenUITests" */ = {
			isa = XCConfigurationList;
			buildConfigurations = (
				715E4F4E2ADC525500A2F4A3 /* Debug */,
				715E4F4F2ADC525500A2F4A3 /* Release */,
			);
			defaultConfigurationIsVisible = 0;
			defaultConfigurationName = Release;
		};
/* End XCConfigurationList section */

/* Begin XCRemoteSwiftPackageReference section */
		716B43562AEED0F300758DD2 /* XCRemoteSwiftPackageReference "supabase-swift" */ = {
			isa = XCRemoteSwiftPackageReference;
			repositoryURL = "https://github.com/supabase/supabase-swift.git";
			requirement = {
				kind = upToNextMajorVersion;
				minimumVersion = 0.3.0;
			};
		};
/* End XCRemoteSwiftPackageReference section */

/* Begin XCSwiftPackageProductDependency section */
		716B43572AEED0F400758DD2 /* Supabase */ = {
			isa = XCSwiftPackageProductDependency;
			package = 716B43562AEED0F300758DD2 /* XCRemoteSwiftPackageReference "supabase-swift" */;
			productName = Supabase;
		};
/* End XCSwiftPackageProductDependency section */
	};
	rootObject = 715E4F1B2ADC524F00A2F4A3 /* Project object */;
}
